<?xml version="1.0" encoding="utf-8"?>
<Project ToolsVersion="4.0" xmlns="http://schemas.microsoft.com/developer/msbuild/2003">
  <ItemGroup>
    <Filter Include="ソース ファイル">
      <UniqueIdentifier>{f99d9c83-c510-4f24-bab9-96ae29783d3b}</UniqueIdentifier>
      <Extensions>cpp;c;rc;</Extensions>
    </Filter>
    <Filter Include="ヘッダーファイル">
      <UniqueIdentifier>{5d4d7b0d-4751-4a97-8ad0-781314fb5a30}</UniqueIdentifier>
      <Extensions>h;</Extensions>
    </Filter>
    <Filter Include="その他">
      <UniqueIdentifier>{2747a736-afd7-4a36-8787-60d2a6e6cf6c}</UniqueIdentifier>
    </Filter>
  </ItemGroup>
  <ItemGroup>
    <ClCompile Include="src\AboutDlg.cpp">
      <Filter>ソース ファイル</Filter>
    </ClCompile>
    <ClCompile Include="src\AutoSaveDlg.cpp">
      <Filter>ソース ファイル</Filter>
    </ClCompile>
    <ClCompile Include="src\ChildFrame.cpp">
      <Filter>ソース ファイル</Filter>
    </ClCompile>
    <ClCompile Include="src\ColorfulCheckListBox.cpp">
      <Filter>ソース ファイル</Filter>
    </ClCompile>
    <ClCompile Include="src\ColorfulComboBox.cpp">
      <Filter>ソース ファイル</Filter>
    </ClCompile>
    <ClCompile Include="src\ColorOptionPage.cpp">
      <Filter>ソース ファイル</Filter>
    </ClCompile>
    <ClCompile Include="src\ColorSelectComboBox.cpp">
      <Filter>ソース ファイル</Filter>
    </ClCompile>
    <ClCompile Include="src\common.c">
      <Filter>ソース ファイル</Filter>
    </ClCompile>
    <ClCompile Include="src\EditBeatScanDlg.cpp">
      <Filter>ソース ファイル</Filter>
    </ClCompile>
    <ClCompile Include="src\EditBreakupAndTrillDlg.cpp">
      <Filter>ソース ファイル</Filter>
    </ClCompile>
    <ClCompile Include="src\EditChannelDlg.cpp">
      <Filter>ソース ファイル</Filter>
    </ClCompile>
    <ClCompile Include="src\EditDurationDlg.cpp">
      <Filter>ソース ファイル</Filter>
    </ClCompile>
    <ClCompile Include="src\EditInsertMeasureDlg.cpp">
      <Filter>ソース ファイル</Filter>
    </ClCompile>
    <ClCompile Include="src\EditKeyDlg.cpp">
      <Filter>ソース ファイル</Filter>
    </ClCompile>
    <ClCompile Include="src\EditQuantizeDlg.cpp">
      <Filter>ソース ファイル</Filter>
    </ClCompile>
    <ClCompile Include="src\EditRemoveMeasureDlg.cpp">
      <Filter>ソース ファイル</Filter>
    </ClCompile>
    <ClCompile Include="src\EditStrokeDlg.cpp">
      <Filter>ソース ファイル</Filter>
    </ClCompile>
    <ClCompile Include="src\EditTempoDlg.cpp">
      <Filter>ソース ファイル</Filter>
    </ClCompile>
    <ClCompile Include="src\EditTimeDlg.cpp">
      <Filter>ソース ファイル</Filter>
    </ClCompile>
    <ClCompile Include="src\EditTimeSmpDlg.cpp">
      <Filter>ソース ファイル</Filter>
    </ClCompile>
    <ClCompile Include="src\EditTrackDlg.cpp">
      <Filter>ソース ファイル</Filter>
    </ClCompile>
    <ClCompile Include="src\EditValueDlg.cpp">
      <Filter>ソース ファイル</Filter>
    </ClCompile>
    <ClCompile Include="src\EditVelocityDlg.cpp">
      <Filter>ソース ファイル</Filter>
    </ClCompile>
    <ClCompile Include="src\EventKindListBox.cpp">
      <Filter>ソース ファイル</Filter>
    </ClCompile>
    <ClCompile Include="src\EventListFrame.cpp">
      <Filter>ソース ファイル</Filter>
    </ClCompile>
    <ClCompile Include="src\EventListIndexPropertyView.cpp">
      <Filter>ソース ファイル</Filter>
    </ClCompile>
    <ClCompile Include="src\EventListIndexScaleView.cpp">
      <Filter>ソース ファイル</Filter>
    </ClCompile>
    <ClCompile Include="src\EventListOptionPage.cpp">
      <Filter>ソース ファイル</Filter>
    </ClCompile>
    <ClCompile Include="src\EventListPrintView.cpp">
      <Filter>ソース ファイル</Filter>
    </ClCompile>
    <ClCompile Include="src\EventListPropertyScaleView.cpp">
      <Filter>ソース ファイル</Filter>
    </ClCompile>
    <ClCompile Include="src\EventListScaleView.cpp">
      <Filter>ソース ファイル</Filter>
    </ClCompile>
    <ClCompile Include="src\FilePropertyDlg.cpp">
      <Filter>ソース ファイル</Filter>
    </ClCompile>
    <ClCompile Include="src\FontOptionPage.cpp">
      <Filter>ソース ファイル</Filter>
    </ClCompile>
    <ClCompile Include="src\GeneralOptionPage.cpp">
      <Filter>ソース ファイル</Filter>
    </ClCompile>
    <ClCompile Include="src\GraphKindListBox.cpp">
      <Filter>ソース ファイル</Filter>
    </ClCompile>
    <ClCompile Include="src\HistoryRecord.cpp">
      <Filter>ソース ファイル</Filter>
    </ClCompile>
    <ClCompile Include="src\HistoryUnit.cpp">
      <Filter>ソース ファイル</Filter>
    </ClCompile>
    <ClCompile Include="src\InplaceEdit.cpp">
      <Filter>ソース ファイル</Filter>
    </ClCompile>
    <ClCompile Include="src\InplaceListBox.cpp">
      <Filter>ソース ファイル</Filter>
    </ClCompile>
    <ClCompile Include="src\LanguageDlg.cpp">
      <Filter>ソース ファイル</Filter>
    </ClCompile>
    <ClCompile Include="src\MainFrame.cpp">
      <Filter>ソース ファイル</Filter>
    </ClCompile>
    <ClCompile Include="src\MetronomeDlg.cpp">
      <Filter>ソース ファイル</Filter>
    </ClCompile>
    <ClCompile Include="src\MIDIDeviceSheet.cpp">
      <Filter>ソース ファイル</Filter>
    </ClCompile>
    <ClCompile Include="src\MIDIInDevicePage.cpp">
      <Filter>ソース ファイル</Filter>
    </ClCompile>
    <ClCompile Include="src\MIDIInstDefDrumPage.cpp">
      <Filter>ソース ファイル</Filter>
    </ClCompile>
    <ClCompile Include="src\MIDIInstDefNormPage.cpp">
      <Filter>ソース ファイル</Filter>
    </ClCompile>
    <ClCompile Include="src\MIDIInSyncModePage.cpp">
      <Filter>ソース ファイル</Filter>
    </ClCompile>
    <ClCompile Include="src\MIDIOutDevicePage.cpp">
      <Filter>ソース ファイル</Filter>
    </ClCompile>
    <ClCompile Include="src\MIDIOutSyncModePage.cpp">
      <Filter>ソース ファイル</Filter>
    </ClCompile>
    <ClCompile Include="src\MIDISyncModeSheet.cpp">
      <Filter>ソース ファイル</Filter>
    </ClCompile>
    <ClCompile Include="src\MIDIThruPage.cpp">
      <Filter>ソース ファイル</Filter>
    </ClCompile>
    <ClCompile Include="src\MusicalScoreFrame.cpp">
      <Filter>ソース ファイル</Filter>
    </ClCompile>
    <ClCompile Include="src\MusicalScoreOptionPage.cpp">
      <Filter>ソース ファイル</Filter>
    </ClCompile>
    <ClCompile Include="src\MusicalScorePrintView.cpp">
      <Filter>ソース ファイル</Filter>
    </ClCompile>
    <ClCompile Include="src\MusicalScoreScaleView.cpp">
      <Filter>ソース ファイル</Filter>
    </ClCompile>
    <ClCompile Include="src\MusicalScoreTimeScaleView.cpp">
      <Filter>ソース ファイル</Filter>
    </ClCompile>
    <ClCompile Include="src\MusicalScoreTrackScaleView.cpp">
      <Filter>ソース ファイル</Filter>
    </ClCompile>
    <ClCompile Include="src\MusicalScoreTrackTimeView.cpp">
      <Filter>ソース ファイル</Filter>
    </ClCompile>
    <ClCompile Include="src\OptionSheet.cpp">
      <Filter>ソース ファイル</Filter>
    </ClCompile>
    <ClCompile Include="src\PianoRollFrame.cpp">
      <Filter>ソース ファイル</Filter>
    </ClCompile>
    <ClCompile Include="src\PianoRollKeyScaleView.cpp">
      <Filter>ソース ファイル</Filter>
    </ClCompile>
    <ClCompile Include="src\PianoRollKeyTimeView.cpp">
      <Filter>ソース ファイル</Filter>
    </ClCompile>
    <ClCompile Include="src\PianoRollOptionPage.cpp">
      <Filter>ソース ファイル</Filter>
    </ClCompile>
    <ClCompile Include="src\PianoRollPrintView.cpp">
      <Filter>ソース ファイル</Filter>
    </ClCompile>
    <ClCompile Include="src\PianoRollScaleView.cpp">
      <Filter>ソース ファイル</Filter>
    </ClCompile>
    <ClCompile Include="src\PianoRollTimeScaleView.cpp">
      <Filter>ソース ファイル</Filter>
    </ClCompile>
    <ClCompile Include="src\PianoRollVelScaleView.cpp">
      <Filter>ソース ファイル</Filter>
    </ClCompile>
    <ClCompile Include="src\PianoRollVelTimeView.cpp">
      <Filter>ソース ファイル</Filter>
    </ClCompile>
    <ClCompile Include="src\PropertyKeySignatureDlg.cpp">
      <Filter>ソース ファイル</Filter>
    </ClCompile>
    <ClCompile Include="src\PropertyMarkerDlg.cpp">
      <Filter>ソース ファイル</Filter>
    </ClCompile>
    <ClCompile Include="src\PropertyNoteDlg.cpp">
      <Filter>ソース ファイル</Filter>
    </ClCompile>
    <ClCompile Include="src\PropertyTempoDlg.cpp">
      <Filter>ソース ファイル</Filter>
    </ClCompile>
    <ClCompile Include="src\PropertyTimeSignatureDlg.cpp">
      <Filter>ソース ファイル</Filter>
    </ClCompile>
    <ClCompile Include="src\SekaijuApp.cpp">
      <Filter>ソース ファイル</Filter>
    </ClCompile>
    <ClCompile Include="src\SekaijuDoc.cpp">
      <Filter>ソース ファイル</Filter>
    </ClCompile>
    <ClCompile Include="src\SekaijuDocManager.cpp">
      <Filter>ソース ファイル</Filter>
    </ClCompile>
    <ClCompile Include="src\SekaijuDocTemplate.cpp">
      <Filter>ソース ファイル</Filter>
    </ClCompile>
    <ClCompile Include="src\SekaijuFileDlg.cpp">
      <Filter>ソース ファイル</Filter>
    </ClCompile>
    <ClCompile Include="src\SekaijuPreviewView.cpp">
      <Filter>ソース ファイル</Filter>
    </ClCompile>
    <ClCompile Include="src\SekaijuStatusBar.cpp">
      <Filter>ソース ファイル</Filter>
    </ClCompile>
    <ClCompile Include="src\SekaijuToolBar.cpp">
      <Filter>ソース ファイル</Filter>
    </ClCompile>
    <ClCompile Include="src\SekaijuView.cpp">
      <Filter>ソース ファイル</Filter>
    </ClCompile>
    <ClCompile Include="src\SelectVoiceDlg.cpp">
      <Filter>ソース ファイル</Filter>
    </ClCompile>
    <ClCompile Include="src\TextFile.cpp">
      <Filter>ソース ファイル</Filter>
    </ClCompile>
    <ClCompile Include="src\TrackListBox.cpp">
      <Filter>ソース ファイル</Filter>
    </ClCompile>
    <ClCompile Include="src\TrackListFrame.cpp">
      <Filter>ソース ファイル</Filter>
    </ClCompile>
    <ClCompile Include="src\TrackListModeScaleView.cpp">
      <Filter>ソース ファイル</Filter>
    </ClCompile>
    <ClCompile Include="src\TrackListOption1Page.cpp">
      <Filter>ソース ファイル</Filter>
    </ClCompile>
    <ClCompile Include="src\TrackListOption2Page.cpp">
      <Filter>ソース ファイル</Filter>
    </ClCompile>
    <ClCompile Include="src\TrackListPrintView.cpp">
      <Filter>ソース ファイル</Filter>
    </ClCompile>
    <ClCompile Include="src\TrackListScaleView.cpp">
      <Filter>ソース ファイル</Filter>
    </ClCompile>
    <ClCompile Include="src\TrackListTimeScaleView.cpp">
      <Filter>ソース ファイル</Filter>
    </ClCompile>
    <ClCompile Include="src\TrackListTrackModeView.cpp">
      <Filter>ソース ファイル</Filter>
    </ClCompile>
    <ClCompile Include="src\TrackListTrackScaleView.cpp">
      <Filter>ソース ファイル</Filter>
    </ClCompile>
    <ClCompile Include="src\TrackListTrackTimeView.cpp">
      <Filter>ソース ファイル</Filter>
    </ClCompile>
  </ItemGroup>
  <ItemGroup>
    <ResourceCompile Include="src\Sekaiju.rc">
      <Filter>ソース ファイル</Filter>
    </ResourceCompile>
  </ItemGroup>
  <ItemGroup>
    <ClInclude Include="src\AboutDlg.h">
      <Filter>ヘッダーファイル</Filter>
    </ClInclude>
    <ClInclude Include="src\AutoSaveDlg.h">
      <Filter>ヘッダーファイル</Filter>
    </ClInclude>
    <ClInclude Include="src\ChildFrame.h">
      <Filter>ヘッダーファイル</Filter>
    </ClInclude>
    <ClInclude Include="src\ColorfulCheckListBox.h">
      <Filter>ヘッダーファイル</Filter>
    </ClInclude>
    <ClInclude Include="src\ColorfulComboBox.h">
      <Filter>ヘッダーファイル</Filter>
    </ClInclude>
    <ClInclude Include="src\ColorOptionPage.h">
      <Filter>ヘッダーファイル</Filter>
    </ClInclude>
    <ClInclude Include="src\ColorSelectComboBox.h">
      <Filter>ヘッダーファイル</Filter>
    </ClInclude>
    <ClInclude Include="src\common.h">
      <Filter>ヘッダーファイル</Filter>
    </ClInclude>
    <ClInclude Include="src\EditBeatScanDlg.h">
      <Filter>ヘッダーファイル</Filter>
    </ClInclude>
    <ClInclude Include="src\EditBreakupAndTrillDlg.h">
      <Filter>ヘッダーファイル</Filter>
    </ClInclude>
    <ClInclude Include="src\EditChannelDlg.h">
      <Filter>ヘッダーファイル</Filter>
    </ClInclude>
    <ClInclude Include="src\EditDurationDlg.h">
      <Filter>ヘッダーファイル</Filter>
    </ClInclude>
    <ClInclude Include="src\EditInsertMeasureDlg.h">
      <Filter>ヘッダーファイル</Filter>
    </ClInclude>
    <ClInclude Include="src\EditKeyDlg.h">
      <Filter>ヘッダーファイル</Filter>
    </ClInclude>
    <ClInclude Include="src\EditQuantizeDlg.h">
      <Filter>ヘッダーファイル</Filter>
    </ClInclude>
    <ClInclude Include="src\EditRemoveMeasureDlg.h">
      <Filter>ヘッダーファイル</Filter>
    </ClInclude>
    <ClInclude Include="src\EditStrokeDlg.h">
      <Filter>ヘッダーファイル</Filter>
    </ClInclude>
    <ClInclude Include="src\EditTempoDlg.h">
      <Filter>ヘッダーファイル</Filter>
    </ClInclude>
    <ClInclude Include="src\EditTimeDlg.h">
      <Filter>ヘッダーファイル</Filter>
    </ClInclude>
    <ClInclude Include="src\EditTimeSmpDlg.h">
      <Filter>ヘッダーファイル</Filter>
    </ClInclude>
    <ClInclude Include="src\EditTrackDlg.h">
      <Filter>ヘッダーファイル</Filter>
    </ClInclude>
    <ClInclude Include="src\EditValueDlg.h">
      <Filter>ヘッダーファイル</Filter>
    </ClInclude>
    <ClInclude Include="src\EditVelocityDlg.h">
      <Filter>ヘッダーファイル</Filter>
    </ClInclude>
    <ClInclude Include="src\EventKindListBox.h">
      <Filter>ヘッダーファイル</Filter>
    </ClInclude>
    <ClInclude Include="src\EventListFrame.h">
      <Filter>ヘッダーファイル</Filter>
    </ClInclude>
    <ClInclude Include="src\EventListIndexPropertyView.h">
      <Filter>ヘッダーファイル</Filter>
    </ClInclude>
    <ClInclude Include="src\EventListIndexScaleView.h">
      <Filter>ヘッダーファイル</Filter>
    </ClInclude>
    <ClInclude Include="src\EventListOptionPage.h">
      <Filter>ヘッダーファイル</Filter>
    </ClInclude>
    <ClInclude Include="src\EventListPrintView.h">
      <Filter>ヘッダーファイル</Filter>
    </ClInclude>
    <ClInclude Include="src\EventListPropertyScaleView.h">
      <Filter>ヘッダーファイル</Filter>
    </ClInclude>
    <ClInclude Include="src\EventListScaleView.h">
      <Filter>ヘッダーファイル</Filter>
    </ClInclude>
    <ClInclude Include="src\FilePropertyDlg.h">
      <Filter>ヘッダーファイル</Filter>
    </ClInclude>
    <ClInclude Include="src\FontOptionPage.h">
      <Filter>ヘッダーファイル</Filter>
    </ClInclude>
    <ClInclude Include="src\GeneralOptionPage.h">
      <Filter>ヘッダーファイル</Filter>
    </ClInclude>
    <ClInclude Include="src\GraphKindListBox.h">
      <Filter>ヘッダーファイル</Filter>
    </ClInclude>
    <ClInclude Include="src\HistoryRecord.h">
      <Filter>ヘッダーファイル</Filter>
    </ClInclude>
    <ClInclude Include="src\HistoryUnit.h">
      <Filter>ヘッダーファイル</Filter>
    </ClInclude>
    <ClInclude Include="src\InplaceEdit.h">
      <Filter>ヘッダーファイル</Filter>
    </ClInclude>
    <ClInclude Include="src\InplaceListBox.h">
      <Filter>ヘッダーファイル</Filter>
    </ClInclude>
    <ClInclude Include="src\LanguageDlg.h">
      <Filter>ヘッダーファイル</Filter>
    </ClInclude>
    <ClInclude Include="src\MainFrame.h">
      <Filter>ヘッダーファイル</Filter>
    </ClInclude>
    <ClInclude Include="src\MetronomeDlg.h">
      <Filter>ヘッダーファイル</Filter>
    </ClInclude>
    <ClInclude Include="src\MIDIDeviceSheet.h">
      <Filter>ヘッダーファイル</Filter>
    </ClInclude>
    <ClInclude Include="src\MIDIInDevicePage.h">
      <Filter>ヘッダーファイル</Filter>
    </ClInclude>
    <ClInclude Include="src\MIDIInstDefDrumPage.h">
      <Filter>ヘッダーファイル</Filter>
    </ClInclude>
    <ClInclude Include="src\MIDIInstDefNormPage.h">
      <Filter>ヘッダーファイル</Filter>
    </ClInclude>
    <ClInclude Include="src\MIDIInSyncModePage.h">
      <Filter>ヘッダーファイル</Filter>
    </ClInclude>
    <ClInclude Include="src\MIDIOutDevicePage.h">
      <Filter>ヘッダーファイル</Filter>
    </ClInclude>
    <ClInclude Include="src\MIDIOutSyncModePage.h">
      <Filter>ヘッダーファイル</Filter>
    </ClInclude>
    <ClInclude Include="src\MIDISyncModeSheet.h">
      <Filter>ヘッダーファイル</Filter>
    </ClInclude>
    <ClInclude Include="src\MIDIThruPage.h">
      <Filter>ヘッダーファイル</Filter>
    </ClInclude>
    <ClInclude Include="src\mousewheel.h">
      <Filter>ヘッダーファイル</Filter>
    </ClInclude>
    <ClInclude Include="src\MusicalScoreFrame.h">
      <Filter>ヘッダーファイル</Filter>
    </ClInclude>
    <ClInclude Include="src\MusicalScoreOptionPage.h">
      <Filter>ヘッダーファイル</Filter>
    </ClInclude>
    <ClInclude Include="src\MusicalScorePrintView.h">
      <Filter>ヘッダーファイル</Filter>
    </ClInclude>
    <ClInclude Include="src\MusicalScoreScaleView.h">
      <Filter>ヘッダーファイル</Filter>
    </ClInclude>
    <ClInclude Include="src\MusicalScoreTimeScaleView.h">
      <Filter>ヘッダーファイル</Filter>
    </ClInclude>
    <ClInclude Include="src\MusicalScoreTrackScaleView.h">
      <Filter>ヘッダーファイル</Filter>
    </ClInclude>
    <ClInclude Include="src\MusicalScoreTrackTimeView.h">
      <Filter>ヘッダーファイル</Filter>
    </ClInclude>
    <ClInclude Include="src\OptionSheet.h">
      <Filter>ヘッダーファイル</Filter>
    </ClInclude>
    <ClInclude Include="src\PianoRollFrame.h">
      <Filter>ヘッダーファイル</Filter>
    </ClInclude>
    <ClInclude Include="src\PianoRollKeyScaleView.h">
      <Filter>ヘッダーファイル</Filter>
    </ClInclude>
    <ClInclude Include="src\PianoRollKeyTimeView.h">
      <Filter>ヘッダーファイル</Filter>
    </ClInclude>
    <ClInclude Include="src\PianoRollOptionPage.h">
      <Filter>ヘッダーファイル</Filter>
    </ClInclude>
    <ClInclude Include="src\PianoRollPrintView.h">
      <Filter>ヘッダーファイル</Filter>
    </ClInclude>
    <ClInclude Include="src\PianoRollScaleView.h">
      <Filter>ヘッダーファイル</Filter>
    </ClInclude>
    <ClInclude Include="src\PianoRollTimeScaleView.h">
      <Filter>ヘッダーファイル</Filter>
    </ClInclude>
    <ClInclude Include="src\PianoRollVelScaleView.h">
      <Filter>ヘッダーファイル</Filter>
    </ClInclude>
    <ClInclude Include="src\PianoRollVelTimeView.h">
      <Filter>ヘッダーファイル</Filter>
    </ClInclude>
    <ClInclude Include="src\PropertyKeySignatureDlg.h">
      <Filter>ヘッダーファイル</Filter>
    </ClInclude>
    <ClInclude Include="src\PropertyMarkerDlg.h">
      <Filter>ヘッダーファイル</Filter>
    </ClInclude>
    <ClInclude Include="src\PropertyNoteDlg.h">
      <Filter>ヘッダーファイル</Filter>
    </ClInclude>
    <ClInclude Include="src\PropertyTempoDlg.h">
      <Filter>ヘッダーファイル</Filter>
    </ClInclude>
    <ClInclude Include="src\PropertyTimeSignatureDlg.h">
      <Filter>ヘッダーファイル</Filter>
    </ClInclude>
    <ClInclude Include="src\Resource.h">
      <Filter>ヘッダーファイル</Filter>
    </ClInclude>
    <ClInclude Include="src\SAL.h">
      <Filter>ヘッダーファイル</Filter>
    </ClInclude>
    <ClInclude Include="src\SekaijuApp.h">
      <Filter>ヘッダーファイル</Filter>
    </ClInclude>
    <ClInclude Include="src\SekaijuDoc.h">
      <Filter>ヘッダーファイル</Filter>
    </ClInclude>
    <ClInclude Include="src\SekaijuDocManager.h">
      <Filter>ヘッダーファイル</Filter>
    </ClInclude>
    <ClInclude Include="src\SekaijuDocTemplate.h">
      <Filter>ヘッダーファイル</Filter>
    </ClInclude>
    <ClInclude Include="src\SekaijuFileDlg.h">
      <Filter>ヘッダーファイル</Filter>
    </ClInclude>
    <ClInclude Include="src\SekaijuPreviewView.h">
      <Filter>ヘッダーファイル</Filter>
    </ClInclude>
    <ClInclude Include="src\SekaijuStatusBar.h">
      <Filter>ヘッダーファイル</Filter>
    </ClInclude>
    <ClInclude Include="src\SekaijuToolBar.h">
      <Filter>ヘッダーファイル</Filter>
    </ClInclude>
    <ClInclude Include="src\SekaijuView.h">
      <Filter>ヘッダーファイル</Filter>
    </ClInclude>
    <ClInclude Include="src\TextFile.h">
      <Filter>ヘッダーファイル</Filter>
    </ClInclude>
    <ClInclude Include="src\TrackListBox.h">
      <Filter>ヘッダーファイル</Filter>
    </ClInclude>
    <ClInclude Include="src\TrackListFrame.h">
      <Filter>ヘッダーファイル</Filter>
    </ClInclude>
    <ClInclude Include="src\TrackListModeScaleView.h">
      <Filter>ヘッダーファイル</Filter>
    </ClInclude>
    <ClInclude Include="src\TrackListOption1Page.h">
      <Filter>ヘッダーファイル</Filter>
    </ClInclude>
    <ClInclude Include="src\TrackListOption2Page.h">
      <Filter>ヘッダーファイル</Filter>
    </ClInclude>
    <ClInclude Include="src\TrackListPrintView.h">
      <Filter>ヘッダーファイル</Filter>
    </ClInclude>
    <ClInclude Include="src\TrackListScaleView.h">
      <Filter>ヘッダーファイル</Filter>
    </ClInclude>
    <ClInclude Include="src\TrackListTimeScaleView.h">
      <Filter>ヘッダーファイル</Filter>
    </ClInclude>
    <ClInclude Include="src\TrackListTrackModeView.h">
      <Filter>ヘッダーファイル</Filter>
    </ClInclude>
    <ClInclude Include="src\TrackListTrackScaleView.h">
      <Filter>ヘッダーファイル</Filter>
    </ClInclude>
    <ClInclude Include="src\TrackListTrackTimeView.h">
      <Filter>ヘッダーファイル</Filter>
    </ClInclude>
    <ClInclude Include="src\winver.h">
      <Filter>ヘッダーファイル</Filter>
    </ClInclude>
  </ItemGroup>
</Project>