
Microsoft Visual Studio Solution File, Format Version 12.00
# Visual Studio Version 16
VisualStudioVersion = 16.0.30406.217
MinimumVisualStudioVersion = 10.0.40219.1
Project("{8BC9CEB8-8B4A-11D0-8D11-00A0C91BC942}") = "Sekaiju", "Sekaiju\Sekaiju.vcxproj", "{4EF0D16C-FE64-4B85-A7C3-76F7CF50EA58}"
	ProjectSection(ProjectDependencies) = postProject
		{9C978F3F-CFA7-46EC-BB45-15E0885B9B96} = {9C978F3F-CFA7-46EC-BB45-15E0885B9B96}
		{8F0E49B9-84C5-4CEC-8100-D639B6251C8A} = {8F0E49B9-84C5-4CEC-8100-D639B6251C8A}
		{BB3F48BD-B41D-4AC3-9A69-B3F5D195B3B5} = {BB3F48BD-B41D-4AC3-9A69-B3F5D195B3B5}
		{8633E7D7-313B-4667-A728-C2B714244B76} = {8633E7D7-313B-4667-A728-C2B714244B76}
		{97312DEE-F1AF-48E1-BBBC-34C20BB828BB} = {97312DEE-F1AF-48E1-BBBC-34C20BB828BB}
		{4B39D0F5-E8E1-4962-8AF3-5BDA1E5D6B9E} = {4B39D0F5-E8E1-4962-8AF3-5BDA1E5D6B9E}
	EndProjectSection
EndProject
Project("{8BC9CEB8-8B4A-11D0-8D11-00A0C91BC942}") = "MIDIClock", "MIDIClock\MIDIClock.vcxproj", "{4B39D0F5-E8E1-4962-8AF3-5BDA1E5D6B9E}"
EndProject
Project("{8BC9CEB8-8B4A-11D0-8D11-00A0C91BC942}") = "MIDIData", "MIDIData\MIDIData.vcxproj", "{BB3F48BD-B41D-4AC3-9A69-B3F5D195B3B5}"
EndProject
Project("{8BC9CEB8-8B4A-11D0-8D11-00A0C91BC942}") = "MIDIInstrument", "MIDIInstrument\MIDIInstrument.vcxproj", "{9C978F3F-CFA7-46EC-BB45-15E0885B9B96}"
EndProject
Project("{8BC9CEB8-8B4A-11D0-8D11-00A0C91BC942}") = "MIDIIO", "MIDIIO\MIDIIO.vcxproj", "{8633E7D7-313B-4667-A728-C2B714244B76}"
EndProject
Project("{8BC9CEB8-8B4A-11D0-8D11-00A0C91BC942}") = "MIDIStatus", "MIDIStatus\MIDIStatus.vcxproj", "{97312DEE-F1AF-48E1-BBBC-34C20BB828BB}"
EndProject
Project("{8BC9CEB8-8B4A-11D0-8D11-00A0C91BC942}") = "SekaijuRes", "Sekaiju\SekaijuRes\SekaijuRes.vcxproj", "{8F0E49B9-84C5-4CEC-8100-D639B6251C8A}"
EndProject
Global
	GlobalSection(SolutionConfigurationPlatforms) = preSolution
		Chs|Win32 = Chs|Win32
		Debug|Win32 = Debug|Win32
		DebugU|Win32 = DebugU|Win32
		Enu|Win32 = Enu|Win32
		Jpn|Win32 = Jpn|Win32
		Release|Win32 = Release|Win32
		ReleaseU|Win32 = ReleaseU|Win32
	EndGlobalSection
	GlobalSection(ProjectConfigurationPlatforms) = postSolution
		{4EF0D16C-FE64-4B85-A7C3-76F7CF50EA58}.Chs|Win32.ActiveCfg = ReleaseU|Win32
		{4EF0D16C-FE64-4B85-A7C3-76F7CF50EA58}.Chs|Win32.Build.0 = ReleaseU|Win32
		{4EF0D16C-FE64-4B85-A7C3-76F7CF50EA58}.Debug|Win32.ActiveCfg = Debug|Win32
		{4EF0D16C-FE64-4B85-A7C3-76F7CF50EA58}.Debug|Win32.Build.0 = Debug|Win32
		{4EF0D16C-FE64-4B85-A7C3-76F7CF50EA58}.DebugU|Win32.ActiveCfg = DebugU|Win32
		{4EF0D16C-FE64-4B85-A7C3-76F7CF50EA58}.DebugU|Win32.Build.0 = DebugU|Win32
		{4EF0D16C-FE64-4B85-A7C3-76F7CF50EA58}.Enu|Win32.ActiveCfg = ReleaseU|Win32
		{4EF0D16C-FE64-4B85-A7C3-76F7CF50EA58}.Enu|Win32.Build.0 = ReleaseU|Win32
		{4EF0D16C-FE64-4B85-A7C3-76F7CF50EA58}.Jpn|Win32.ActiveCfg = ReleaseU|Win32
		{4EF0D16C-FE64-4B85-A7C3-76F7CF50EA58}.Jpn|Win32.Build.0 = ReleaseU|Win32
		{4EF0D16C-FE64-4B85-A7C3-76F7CF50EA58}.Release|Win32.ActiveCfg = Release|Win32
		{4EF0D16C-FE64-4B85-A7C3-76F7CF50EA58}.Release|Win32.Build.0 = Release|Win32
		{4EF0D16C-FE64-4B85-A7C3-76F7CF50EA58}.ReleaseU|Win32.ActiveCfg = ReleaseU|Win32
		{4EF0D16C-FE64-4B85-A7C3-76F7CF50EA58}.ReleaseU|Win32.Build.0 = ReleaseU|Win32
		{4B39D0F5-E8E1-4962-8AF3-5BDA1E5D6B9E}.Chs|Win32.ActiveCfg = Release|Win32
		{4B39D0F5-E8E1-4962-8AF3-5BDA1E5D6B9E}.Chs|Win32.Build.0 = Release|Win32
		{4B39D0F5-E8E1-4962-8AF3-5BDA1E5D6B9E}.Debug|Win32.ActiveCfg = Debug|Win32
		{4B39D0F5-E8E1-4962-8AF3-5BDA1E5D6B9E}.Debug|Win32.Build.0 = Debug|Win32
		{4B39D0F5-E8E1-4962-8AF3-5BDA1E5D6B9E}.DebugU|Win32.ActiveCfg = Debug|Win32
		{4B39D0F5-E8E1-4962-8AF3-5BDA1E5D6B9E}.DebugU|Win32.Build.0 = Debug|Win32
		{4B39D0F5-E8E1-4962-8AF3-5BDA1E5D6B9E}.Enu|Win32.ActiveCfg = Release|Win32
		{4B39D0F5-E8E1-4962-8AF3-5BDA1E5D6B9E}.Enu|Win32.Build.0 = Release|Win32
		{4B39D0F5-E8E1-4962-8AF3-5BDA1E5D6B9E}.Jpn|Win32.ActiveCfg = Release|Win32
		{4B39D0F5-E8E1-4962-8AF3-5BDA1E5D6B9E}.Jpn|Win32.Build.0 = Release|Win32
		{4B39D0F5-E8E1-4962-8AF3-5BDA1E5D6B9E}.Release|Win32.ActiveCfg = Release|Win32
		{4B39D0F5-E8E1-4962-8AF3-5BDA1E5D6B9E}.Release|Win32.Build.0 = Release|Win32
		{4B39D0F5-E8E1-4962-8AF3-5BDA1E5D6B9E}.ReleaseU|Win32.ActiveCfg = Release|Win32
		{4B39D0F5-E8E1-4962-8AF3-5BDA1E5D6B9E}.ReleaseU|Win32.Build.0 = Release|Win32
		{BB3F48BD-B41D-4AC3-9A69-B3F5D195B3B5}.Chs|Win32.ActiveCfg = Release|Win32
		{BB3F48BD-B41D-4AC3-9A69-B3F5D195B3B5}.Chs|Win32.Build.0 = Release|Win32
		{BB3F48BD-B41D-4AC3-9A69-B3F5D195B3B5}.Debug|Win32.ActiveCfg = Debug|Win32
		{BB3F48BD-B41D-4AC3-9A69-B3F5D195B3B5}.Debug|Win32.Build.0 = Debug|Win32
		{BB3F48BD-B41D-4AC3-9A69-B3F5D195B3B5}.DebugU|Win32.ActiveCfg = Debug|Win32
		{BB3F48BD-B41D-4AC3-9A69-B3F5D195B3B5}.DebugU|Win32.Build.0 = Debug|Win32
		{BB3F48BD-B41D-4AC3-9A69-B3F5D195B3B5}.Enu|Win32.ActiveCfg = Release|Win32
		{BB3F48BD-B41D-4AC3-9A69-B3F5D195B3B5}.Enu|Win32.Build.0 = Release|Win32
		{BB3F48BD-B41D-4AC3-9A69-B3F5D195B3B5}.Jpn|Win32.ActiveCfg = Release|Win32
		{BB3F48BD-B41D-4AC3-9A69-B3F5D195B3B5}.Jpn|Win32.Build.0 = Release|Win32
		{BB3F48BD-B41D-4AC3-9A69-B3F5D195B3B5}.Release|Win32.ActiveCfg = Release|Win32
		{BB3F48BD-B41D-4AC3-9A69-B3F5D195B3B5}.Release|Win32.Build.0 = Release|Win32
		{BB3F48BD-B41D-4AC3-9A69-B3F5D195B3B5}.ReleaseU|Win32.ActiveCfg = Release|Win32
		{BB3F48BD-B41D-4AC3-9A69-B3F5D195B3B5}.ReleaseU|Win32.Build.0 = Release|Win32
		{9C978F3F-CFA7-46EC-BB45-15E0885B9B96}.Chs|Win32.ActiveCfg = Release|Win32
		{9C978F3F-CFA7-46EC-BB45-15E0885B9B96}.Chs|Win32.Build.0 = Release|Win32
		{9C978F3F-CFA7-46EC-BB45-15E0885B9B96}.Debug|Win32.ActiveCfg = Debug|Win32
		{9C978F3F-CFA7-46EC-BB45-15E0885B9B96}.Debug|Win32.Build.0 = Debug|Win32
		{9C978F3F-CFA7-46EC-BB45-15E0885B9B96}.DebugU|Win32.ActiveCfg = Debug|Win32
		{9C978F3F-CFA7-46EC-BB45-15E0885B9B96}.DebugU|Win32.Build.0 = Debug|Win32
		{9C978F3F-CFA7-46EC-BB45-15E0885B9B96}.Enu|Win32.ActiveCfg = Release|Win32
		{9C978F3F-CFA7-46EC-BB45-15E0885B9B96}.Enu|Win32.Build.0 = Release|Win32
		{9C978F3F-CFA7-46EC-BB45-15E0885B9B96}.Jpn|Win32.ActiveCfg = Release|Win32
		{9C978F3F-CFA7-46EC-BB45-15E0885B9B96}.Jpn|Win32.Build.0 = Release|Win32
		{9C978F3F-CFA7-46EC-BB45-15E0885B9B96}.Release|Win32.ActiveCfg = Release|Win32
		{9C978F3F-CFA7-46EC-BB45-15E0885B9B96}.Release|Win32.Build.0 = Release|Win32
		{9C978F3F-CFA7-46EC-BB45-15E0885B9B96}.ReleaseU|Win32.ActiveCfg = Release|Win32
		{9C978F3F-CFA7-46EC-BB45-15E0885B9B96}.ReleaseU|Win32.Build.0 = Release|Win32
		{8633E7D7-313B-4667-A728-C2B714244B76}.Chs|Win32.ActiveCfg = Release|Win32
		{8633E7D7-313B-4667-A728-C2B714244B76}.Chs|Win32.Build.0 = Release|Win32
		{8633E7D7-313B-4667-A728-C2B714244B76}.Debug|Win32.ActiveCfg = Debug|Win32
		{8633E7D7-313B-4667-A728-C2B714244B76}.Debug|Win32.Build.0 = Debug|Win32
		{8633E7D7-313B-4667-A728-C2B714244B76}.DebugU|Win32.ActiveCfg = Debug|Win32
		{8633E7D7-313B-4667-A728-C2B714244B76}.DebugU|Win32.Build.0 = Debug|Win32
		{8633E7D7-313B-4667-A728-C2B714244B76}.Enu|Win32.ActiveCfg = Release|Win32
		{8633E7D7-313B-4667-A728-C2B714244B76}.Enu|Win32.Build.0 = Release|Win32
		{8633E7D7-313B-4667-A728-C2B714244B76}.Jpn|Win32.ActiveCfg = Release|Win32
		{8633E7D7-313B-4667-A728-C2B714244B76}.Jpn|Win32.Build.0 = Release|Win32
		{8633E7D7-313B-4667-A728-C2B714244B76}.Release|Win32.ActiveCfg = Release|Win32
		{8633E7D7-313B-4667-A728-C2B714244B76}.Release|Win32.Build.0 = Release|Win32
		{8633E7D7-313B-4667-A728-C2B714244B76}.ReleaseU|Win32.ActiveCfg = Release|Win32
		{8633E7D7-313B-4667-A728-C2B714244B76}.ReleaseU|Win32.Build.0 = Release|Win32
		{97312DEE-F1AF-48E1-BBBC-34C20BB828BB}.Chs|Win32.ActiveCfg = Release|Win32
		{97312DEE-F1AF-48E1-BBBC-34C20BB828BB}.Chs|Win32.Build.0 = Release|Win32
		{97312DEE-F1AF-48E1-BBBC-34C20BB828BB}.Debug|Win32.ActiveCfg = Debug|Win32
		{97312DEE-F1AF-48E1-BBBC-34C20BB828BB}.Debug|Win32.Build.0 = Debug|Win32
		{97312DEE-F1AF-48E1-BBBC-34C20BB828BB}.DebugU|Win32.ActiveCfg = Debug|Win32
		{97312DEE-F1AF-48E1-BBBC-34C20BB828BB}.DebugU|Win32.Build.0 = Debug|Win32
		{97312DEE-F1AF-48E1-BBBC-34C20BB828BB}.Enu|Win32.ActiveCfg = Release|Win32
		{97312DEE-F1AF-48E1-BBBC-34C20BB828BB}.Enu|Win32.Build.0 = Release|Win32
		{97312DEE-F1AF-48E1-BBBC-34C20BB828BB}.Jpn|Win32.ActiveCfg = Release|Win32
		{97312DEE-F1AF-48E1-BBBC-34C20BB828BB}.Jpn|Win32.Build.0 = Release|Win32
		{97312DEE-F1AF-48E1-BBBC-34C20BB828BB}.Release|Win32.ActiveCfg = Release|Win32
		{97312DEE-F1AF-48E1-BBBC-34C20BB828BB}.Release|Win32.Build.0 = Release|Win32
		{97312DEE-F1AF-48E1-BBBC-34C20BB828BB}.ReleaseU|Win32.ActiveCfg = Release|Win32
		{97312DEE-F1AF-48E1-BBBC-34C20BB828BB}.ReleaseU|Win32.Build.0 = Release|Win32
		{8F0E49B9-84C5-4CEC-8100-D639B6251C8A}.Chs|Win32.ActiveCfg = Chs|Win32
		{8F0E49B9-84C5-4CEC-8100-D639B6251C8A}.Chs|Win32.Build.0 = Chs|Win32
		{8F0E49B9-84C5-4CEC-8100-D639B6251C8A}.Debug|Win32.ActiveCfg = Chs|Win32
		{8F0E49B9-84C5-4CEC-8100-D639B6251C8A}.Debug|Win32.Build.0 = Chs|Win32
		{8F0E49B9-84C5-4CEC-8100-D639B6251C8A}.DebugU|Win32.ActiveCfg = Chs|Win32
		{8F0E49B9-84C5-4CEC-8100-D639B6251C8A}.DebugU|Win32.Build.0 = Chs|Win32
		{8F0E49B9-84C5-4CEC-8100-D639B6251C8A}.Enu|Win32.ActiveCfg = Enu|Win32
		{8F0E49B9-84C5-4CEC-8100-D639B6251C8A}.Enu|Win32.Build.0 = Enu|Win32
		{8F0E49B9-84C5-4CEC-8100-D639B6251C8A}.Jpn|Win32.ActiveCfg = Jpn|Win32
		{8F0E49B9-84C5-4CEC-8100-D639B6251C8A}.Jpn|Win32.Build.0 = Jpn|Win32
		{8F0E49B9-84C5-4CEC-8100-D639B6251C8A}.Release|Win32.ActiveCfg = Chs|Win32
		{8F0E49B9-84C5-4CEC-8100-D639B6251C8A}.Release|Win32.Build.0 = Chs|Win32
		{8F0E49B9-84C5-4CEC-8100-D639B6251C8A}.ReleaseU|Win32.ActiveCfg = Enu|Win32
		{8F0E49B9-84C5-4CEC-8100-D639B6251C8A}.ReleaseU|Win32.Build.0 = Enu|Win32
	EndGlobalSection
	GlobalSection(SolutionProperties) = preSolution
		HideSolutionNode = FALSE
	EndGlobalSection
	GlobalSection(ExtensibilityGlobals) = postSolution
		SolutionGuid = {15173ED3-5210-432A-B575-D0CE172161FB}
	EndGlobalSection
EndGlobal
