
Microsoft Visual Studio Solution File, Format Version 12.00
# Visual Studio Version 16
VisualStudioVersion = 16.0.30406.217
MinimumVisualStudioVersion = 10.0.40219.1
Project("{8BC9CEB8-8B4A-11D0-8D11-00A0C91BC942}") = "SekaijuRes", "SekaijuRes.vcxproj", "{8F0E49B9-84C5-4CEC-8100-D639B6251C8A}"
EndProject
Global
	GlobalSection(SolutionConfigurationPlatforms) = preSolution
		Chs|Win32 = Chs|Win32
		Enu|Win32 = Enu|Win32
		Jpn|Win32 = Jpn|Win32
	EndGlobalSection
	GlobalSection(ProjectConfigurationPlatforms) = postSolution
		{8F0E49B9-84C5-4CEC-8100-D639B6251C8A}.Chs|Win32.ActiveCfg = Chs|Win32
		{8F0E49B9-84C5-4CEC-8100-D639B6251C8A}.Chs|Win32.Build.0 = Chs|Win32
		{8F0E49B9-84C5-4CEC-8100-D639B6251C8A}.Enu|Win32.ActiveCfg = Enu|Win32
		{8F0E49B9-84C5-4CEC-8100-D639B6251C8A}.Enu|Win32.Build.0 = Enu|Win32
		{8F0E49B9-84C5-4CEC-8100-D639B6251C8A}.Jpn|Win32.ActiveCfg = Jpn|Win32
		{8F0E49B9-84C5-4CEC-8100-D639B6251C8A}.Jpn|Win32.Build.0 = Jpn|Win32
	EndGlobalSection
	GlobalSection(SolutionProperties) = preSolution
		HideSolutionNode = FALSE
	EndGlobalSection
	GlobalSection(ExtensibilityGlobals) = postSolution
		SolutionGuid = {36EDA7CB-8E85-4DA5-8A15-6BB82F389305}
	EndGlobalSection
EndGlobal
